
Microsoft Visual Studio Solution File, Format Version 12.00
# Visual Studio Version 16
VisualStudioVersion = 16.0.31313.79
MinimumVisualStudioVersion = 10.0.40219.1
Project("{FAE04EC0-301F-11D3-BF4B-00C04F79EFBC}") = "WebGame", "WebGame\WebGame.csproj", "{5F828923-0F1B-423E-930F-AE89E18A51AF}"
EndProject
Global
	GlobalSection(SolutionConfigurationPlatforms) = preSolution
		Debug|Any CPU = Debug|Any CPU
		Release|Any CPU = Release|Any CPU
	EndGlobalSection
	GlobalSection(ProjectConfigurationPlatforms) = postSolution
		{5F828923-0F1B-423E-930F-AE89E18A51AF}.Debug|Any CPU.ActiveCfg = Debug|Any CPU
		{5F828923-0F1B-423E-930F-AE89E18A51AF}.Debug|Any CPU.Build.0 = Debug|Any CPU
		{5F828923-0F1B-423E-930F-AE89E18A51AF}.Release|Any CPU.ActiveCfg = Release|Any CPU
		{5F828923-0F1B-423E-930F-AE89E18A51AF}.Release|Any CPU.Build.0 = Release|Any CPU
	EndGlobalSection
	GlobalSection(SolutionProperties) = preSolution
		HideSolutionNode = FALSE
	EndGlobalSection
	GlobalSection(ExtensibilityGlobals) = postSolution
		SolutionGuid = {C4F94F1F-65F5-47D6-8A8E-A05C72A0B6C8}
	EndGlobalSection
EndGlobal
